
Microsoft Visual Studio Solution File, Format Version 12.00
# Visual Studio Version 17
VisualStudioVersion = 17.3.32929.385
MinimumVisualStudioVersion = 10.0.40219.1
Project("{FAE04EC0-301F-11D3-BF4B-00C04F79EFBC}") = "FFXV6-Screenshot-Grabber", "FFXV6-Screenshot-Grabber\FFXV6-Screenshot-Grabber.csproj", "{CE650AE0-69C8-4BAC-87E5-E48900B8A4FA}"
EndProject
Global
	GlobalSection(SolutionConfigurationPlatforms) = preSolution
		Debug|Any CPU = Debug|Any CPU
		Release|Any CPU = Release|Any CPU
	EndGlobalSection
	GlobalSection(ProjectConfigurationPlatforms) = postSolution
		{CE650AE0-69C8-4BAC-87E5-E48900B8A4FA}.Debug|Any CPU.ActiveCfg = Debug|Any CPU
		{CE650AE0-69C8-4BAC-87E5-E48900B8A4FA}.Debug|Any CPU.Build.0 = Debug|Any CPU
		{CE650AE0-69C8-4BAC-87E5-E48900B8A4FA}.Release|Any CPU.ActiveCfg = Release|Any CPU
		{CE650AE0-69C8-4BAC-87E5-E48900B8A4FA}.Release|Any CPU.Build.0 = Release|Any CPU
	EndGlobalSection
	GlobalSection(SolutionProperties) = preSolution
		HideSolutionNode = FALSE
	EndGlobalSection
	GlobalSection(ExtensibilityGlobals) = postSolution
		SolutionGuid = {109A85A7-0E55-4212-A03C-0917FCE4197A}
	EndGlobalSection
EndGlobal
